
Microsoft Visual Studio Solution File, Format Version 12.00
# Visual Studio Version 17
VisualStudioVersion = 17.2.32602.215
MinimumVisualStudioVersion = 10.0.40219.1
Project("{FAE04EC0-301F-11D3-BF4B-00C04F79EFBC}") = "GoogleMessages.Pro", "GoogleMessages.Pro\GoogleMessages.Pro.csproj", "{610D7AFB-10E3-4D55-9DEA-9372CD45B0CD}"
EndProject
Global
	GlobalSection(SolutionConfigurationPlatforms) = preSolution
		Debug|Any CPU = Debug|Any CPU
		Release|Any CPU = Release|Any CPU
	EndGlobalSection
	GlobalSection(ProjectConfigurationPlatforms) = postSolution
		{610D7AFB-10E3-4D55-9DEA-9372CD45B0CD}.Debug|Any CPU.ActiveCfg = Debug|Any CPU
		{610D7AFB-10E3-4D55-9DEA-9372CD45B0CD}.Debug|Any CPU.Build.0 = Debug|Any CPU
		{610D7AFB-10E3-4D55-9DEA-9372CD45B0CD}.Release|Any CPU.ActiveCfg = Release|Any CPU
		{610D7AFB-10E3-4D55-9DEA-9372CD45B0CD}.Release|Any CPU.Build.0 = Release|Any CPU
	EndGlobalSection
	GlobalSection(SolutionProperties) = preSolution
		HideSolutionNode = FALSE
	EndGlobalSection
	GlobalSection(ExtensibilityGlobals) = postSolution
		SolutionGuid = {5AE5AC5D-AE52-4B13-A84A-CA6DB75E3930}
	EndGlobalSection
EndGlobal
